
Microsoft Visual Studio Solution File, Format Version 12.00
# Visual Studio Version 17
VisualStudioVersion = 17.1.32210.238
MinimumVisualStudioVersion = 10.0.40219.1
Project("{FAE04EC0-301F-11D3-BF4B-00C04F79EFBC}") = "Lab1", "Lab1\Lab1.csproj", "{E99DE567-926E-43C0-801A-4A795B38D395}"
EndProject
Global
	GlobalSection(SolutionConfigurationPlatforms) = preSolution
		Debug|Any CPU = Debug|Any CPU
		Release|Any CPU = Release|Any CPU
	EndGlobalSection
	GlobalSection(ProjectConfigurationPlatforms) = postSolution
		{E99DE567-926E-43C0-801A-4A795B38D395}.Debug|Any CPU.ActiveCfg = Debug|Any CPU
		{E99DE567-926E-43C0-801A-4A795B38D395}.Debug|Any CPU.Build.0 = Debug|Any CPU
		{E99DE567-926E-43C0-801A-4A795B38D395}.Release|Any CPU.ActiveCfg = Release|Any CPU
		{E99DE567-926E-43C0-801A-4A795B38D395}.Release|Any CPU.Build.0 = Release|Any CPU
	EndGlobalSection
	GlobalSection(SolutionProperties) = preSolution
		HideSolutionNode = FALSE
	EndGlobalSection
	GlobalSection(ExtensibilityGlobals) = postSolution
		SolutionGuid = {CD3F2A38-F133-451D-8E61-39D6B48296C8}
	EndGlobalSection
EndGlobal
