
Microsoft Visual Studio Solution File, Format Version 12.00
# Visual Studio Version 17
VisualStudioVersion = 17.1.32210.238
MinimumVisualStudioVersion = 10.0.40219.1
Project("{FAE04EC0-301F-11D3-BF4B-00C04F79EFBC}") = "Lab4", "Lab4\Lab4.csproj", "{FF67AD63-1A0B-4DF4-BA59-203FA564409B}"
EndProject
Global
	GlobalSection(SolutionConfigurationPlatforms) = preSolution
		Debug|Any CPU = Debug|Any CPU
		Release|Any CPU = Release|Any CPU
	EndGlobalSection
	GlobalSection(ProjectConfigurationPlatforms) = postSolution
		{FF67AD63-1A0B-4DF4-BA59-203FA564409B}.Debug|Any CPU.ActiveCfg = Debug|Any CPU
		{FF67AD63-1A0B-4DF4-BA59-203FA564409B}.Debug|Any CPU.Build.0 = Debug|Any CPU
		{FF67AD63-1A0B-4DF4-BA59-203FA564409B}.Release|Any CPU.ActiveCfg = Release|Any CPU
		{FF67AD63-1A0B-4DF4-BA59-203FA564409B}.Release|Any CPU.Build.0 = Release|Any CPU
	EndGlobalSection
	GlobalSection(SolutionProperties) = preSolution
		HideSolutionNode = FALSE
	EndGlobalSection
	GlobalSection(ExtensibilityGlobals) = postSolution
		SolutionGuid = {3D301E6E-F7D2-4C49-B93D-BC2E60EC49D2}
	EndGlobalSection
EndGlobal
